
Microsoft Visual Studio Solution File, Format Version 12.00
# Visual Studio Version 16
VisualStudioVersion = 16.0.30523.141
MinimumVisualStudioVersion = 10.0.40219.1
Project("{FAE04EC0-301F-11D3-BF4B-00C04F79EFBC}") = "Lab4.2", "Lab4.2.csproj", "{6F06113D-F135-49F4-AC9B-AF3050941D07}"
EndProject
Global
	GlobalSection(SolutionConfigurationPlatforms) = preSolution
		Debug|Any CPU = Debug|Any CPU
		Release|Any CPU = Release|Any CPU
	EndGlobalSection
	GlobalSection(ProjectConfigurationPlatforms) = postSolution
		{6F06113D-F135-49F4-AC9B-AF3050941D07}.Debug|Any CPU.ActiveCfg = Debug|Any CPU
		{6F06113D-F135-49F4-AC9B-AF3050941D07}.Debug|Any CPU.Build.0 = Debug|Any CPU
		{6F06113D-F135-49F4-AC9B-AF3050941D07}.Release|Any CPU.ActiveCfg = Release|Any CPU
		{6F06113D-F135-49F4-AC9B-AF3050941D07}.Release|Any CPU.Build.0 = Release|Any CPU
	EndGlobalSection
	GlobalSection(SolutionProperties) = preSolution
		HideSolutionNode = FALSE
	EndGlobalSection
	GlobalSection(ExtensibilityGlobals) = postSolution
		SolutionGuid = {8305D72F-837E-484D-8634-0D3871C1EC33}
	EndGlobalSection
EndGlobal
